
Microsoft Visual Studio Solution File, Format Version 12.00
# Visual Studio 14
VisualStudioVersion = 14.0.25123.0
MinimumVisualStudioVersion = 10.0.40219.1
Project("{FAE04EC0-301F-11D3-BF4B-00C04F79EFBC}") = "Projeto", "Projeto\Projeto.csproj", "{196079EA-4891-44F8-9E0D-71D6E81AFAB1}"
EndProject
Project("{2150E333-8FDC-42A3-9474-1A3956D46DE8}") = "Solution Items", "Solution Items", "{E10C9F4B-7D4C-416B-A269-495DB6D52B17}"
EndProject
Project("{FAE04EC0-301F-11D3-BF4B-00C04F79EFBC}") = "TestesProjeto", "Projeto\TestesProjeto\TestesProjeto.csproj", "{96969BBC-E9E8-404E-8ECB-4FB3E006D37A}"
EndProject
Global
	GlobalSection(SolutionConfigurationPlatforms) = preSolution
		Debug|Any CPU = Debug|Any CPU
		Release|Any CPU = Release|Any CPU
	EndGlobalSection
	GlobalSection(ProjectConfigurationPlatforms) = postSolution
		{196079EA-4891-44F8-9E0D-71D6E81AFAB1}.Debug|Any CPU.ActiveCfg = Debug|Any CPU
		{196079EA-4891-44F8-9E0D-71D6E81AFAB1}.Debug|Any CPU.Build.0 = Debug|Any CPU
		{196079EA-4891-44F8-9E0D-71D6E81AFAB1}.Release|Any CPU.ActiveCfg = Release|Any CPU
		{196079EA-4891-44F8-9E0D-71D6E81AFAB1}.Release|Any CPU.Build.0 = Release|Any CPU
		{96969BBC-E9E8-404E-8ECB-4FB3E006D37A}.Debug|Any CPU.ActiveCfg = Debug|Any CPU
		{96969BBC-E9E8-404E-8ECB-4FB3E006D37A}.Debug|Any CPU.Build.0 = Debug|Any CPU
		{96969BBC-E9E8-404E-8ECB-4FB3E006D37A}.Release|Any CPU.ActiveCfg = Release|Any CPU
		{96969BBC-E9E8-404E-8ECB-4FB3E006D37A}.Release|Any CPU.Build.0 = Release|Any CPU
	EndGlobalSection
	GlobalSection(SolutionProperties) = preSolution
		HideSolutionNode = FALSE
	EndGlobalSection
EndGlobal
